// !$*UTF8*$!
{
	archiveVersion = 1;
	classes = {
	};
	objectVersion = 46;
	objects = {

/* Begin PBXBuildFile section */
		7D2E34881CFDD978003A542E /* FBSDKCoreKit.framework in Frameworks */ = {isa = PBXBuildFile; fileRef = 7D2E34861CFDD978003A542E /* FBSDKCoreKit.framework */; };
		7D2E34891CFDD978003A542E /* FBSDKLoginKit.framework in Frameworks */ = {isa = PBXBuildFile; fileRef = 7D2E34871CFDD978003A542E /* FBSDKLoginKit.framework */; };
		7D48DF601D012CFD000B41AF /* Bolts.framework in Frameworks */ = {isa = PBXBuildFile; fileRef = 7D48DF5F1D012CFD000B41AF /* Bolts.framework */; };
		7D59F37D1CFF5467008A7C89 /* FriendsListViewController.swift in Sources */ = {isa = PBXBuildFile; fileRef = 7D59F37C1CFF5467008A7C89 /* FriendsListViewController.swift */; };
		7D59F37F1CFF54A5008A7C89 /* FriendHolder.swift in Sources */ = {isa = PBXBuildFile; fileRef = 7D59F37E1CFF54A5008A7C89 /* FriendHolder.swift */; };
		7D59F3811CFF54BB008A7C89 /* FriendCell.swift in Sources */ = {isa = PBXBuildFile; fileRef = 7D59F3801CFF54BB008A7C89 /* FriendCell.swift */; };
		7DDA95831C7FF091007DD3D3 /* AppDelegate.swift in Sources */ = {isa = PBXBuildFile; fileRef = 7DDA95821C7FF091007DD3D3 /* AppDelegate.swift */; };
		7DDA95851C7FF091007DD3D3 /* LoginViewController.swift in Sources */ = {isa = PBXBuildFile; fileRef = 7DDA95841C7FF091007DD3D3 /* LoginViewController.swift */; };
		7DDA95881C7FF091007DD3D3 /* Main.storyboard in Resources */ = {isa = PBXBuildFile; fileRef = 7DDA95861C7FF091007DD3D3 /* Main.storyboard */; };
		7DDA958A1C7FF091007DD3D3 /* Assets.xcassets in Resources */ = {isa = PBXBuildFile; fileRef = 7DDA95891C7FF091007DD3D3 /* Assets.xcassets */; };
		7DDA958D1C7FF091007DD3D3 /* LaunchScreen.storyboard in Resources */ = {isa = PBXBuildFile; fileRef = 7DDA958B1C7FF091007DD3D3 /* LaunchScreen.storyboard */; };
		7DDA95971C7FFD62007DD3D3 /* MapViewController.swift in Sources */ = {isa = PBXBuildFile; fileRef = 7DDA95961C7FFD62007DD3D3 /* MapViewController.swift */; };
		7DE11FC81CDEBC8E0090FCB1 /* RecentViewController.swift in Sources */ = {isa = PBXBuildFile; fileRef = 7DE11FC71CDEBC8E0090FCB1 /* RecentViewController.swift */; };
		7DE11FCA1CDEC6510090FCB1 /* ProfileViewController.swift in Sources */ = {isa = PBXBuildFile; fileRef = 7DE11FC91CDEC6510090FCB1 /* ProfileViewController.swift */; };
		7DE11FCC1CDEC84C0090FCB1 /* FriendsViewController.swift in Sources */ = {isa = PBXBuildFile; fileRef = 7DE11FCB1CDEC84C0090FCB1 /* FriendsViewController.swift */; };
		7DE11FCE1CDEC8D80090FCB1 /* HotspotsViewController.swift in Sources */ = {isa = PBXBuildFile; fileRef = 7DE11FCD1CDEC8D80090FCB1 /* HotspotsViewController.swift */; };
		7DE11FD01CDECE4E0090FCB1 /* MenuViewController.swift in Sources */ = {isa = PBXBuildFile; fileRef = 7DE11FCF1CDECE4E0090FCB1 /* MenuViewController.swift */; };
		7DE11FD21CDECFA80090FCB1 /* MainViewController.swift in Sources */ = {isa = PBXBuildFile; fileRef = 7DE11FD11CDECFA80090FCB1 /* MainViewController.swift */; };
		7DE891081CF59691000F80F8 /* FriendActivityInfoHolder.swift in Sources */ = {isa = PBXBuildFile; fileRef = 7DE891071CF59691000F80F8 /* FriendActivityInfoHolder.swift */; };
		7DE8910A1CF59852000F80F8 /* FriendActivityCell.swift in Sources */ = {isa = PBXBuildFile; fileRef = 7DE891091CF59852000F80F8 /* FriendActivityCell.swift */; };
		7DE8910C1CF5B206000F80F8 /* HotspotsActivityCell.swift in Sources */ = {isa = PBXBuildFile; fileRef = 7DE8910B1CF5B206000F80F8 /* HotspotsActivityCell.swift */; };
		7DE8910E1CF5B228000F80F8 /* HotspotsActivityInfoHolder.swift in Sources */ = {isa = PBXBuildFile; fileRef = 7DE8910D1CF5B228000F80F8 /* HotspotsActivityInfoHolder.swift */; };
		7DE891101CF5BE78000F80F8 /* RecentActivityCell.swift in Sources */ = {isa = PBXBuildFile; fileRef = 7DE8910F1CF5BE78000F80F8 /* RecentActivityCell.swift */; };
		7DE891121CF5BE92000F80F8 /* RecentActivityInfoHolder.swift in Sources */ = {isa = PBXBuildFile; fileRef = 7DE891111CF5BE92000F80F8 /* RecentActivityInfoHolder.swift */; };
/* End PBXBuildFile section */

/* Begin PBXFileReference section */
		7D2633571CFDD9E900AA8344 /* Bridging-Header.h */ = {isa = PBXFileReference; fileEncoding = 4; lastKnownFileType = sourcecode.c.h; name = "Bridging-Header.h"; path = "Pick Up Basketball/Bridging-Header.h"; sourceTree = "<group>"; };
		7D2E34861CFDD978003A542E /* FBSDKCoreKit.framework */ = {isa = PBXFileReference; lastKnownFileType = wrapper.framework; name = FBSDKCoreKit.framework; path = ../../../../FacebookSDK/FBSDKCoreKit.framework; sourceTree = "<group>"; };
		7D2E34871CFDD978003A542E /* FBSDKLoginKit.framework */ = {isa = PBXFileReference; lastKnownFileType = wrapper.framework; name = FBSDKLoginKit.framework; path = ../../../../FacebookSDK/FBSDKLoginKit.framework; sourceTree = "<group>"; };
		7D48DF5F1D012CFD000B41AF /* Bolts.framework */ = {isa = PBXFileReference; lastKnownFileType = wrapper.framework; name = Bolts.framework; path = ../../../../FacebookSDK/Bolts.framework; sourceTree = "<group>"; };
		7D59F37C1CFF5467008A7C89 /* FriendsListViewController.swift */ = {isa = PBXFileReference; fileEncoding = 4; lastKnownFileType = sourcecode.swift; path = FriendsListViewController.swift; sourceTree = "<group>"; };
		7D59F37E1CFF54A5008A7C89 /* FriendHolder.swift */ = {isa = PBXFileReference; fileEncoding = 4; lastKnownFileType = sourcecode.swift; path = FriendHolder.swift; sourceTree = "<group>"; };
		7D59F3801CFF54BB008A7C89 /* FriendCell.swift */ = {isa = PBXFileReference; fileEncoding = 4; lastKnownFileType = sourcecode.swift; path = FriendCell.swift; sourceTree = "<group>"; };
		7D71948E1D3C71EB004571FF /* Location.gpx */ = {isa = PBXFileReference; lastKnownFileType = text.xml; path = Location.gpx; sourceTree = "<group>"; };
		7DDA957F1C7FF091007DD3D3 /* Pick Up: Basketball.app */ = {isa = PBXFileReference; explicitFileType = wrapper.application; includeInIndex = 0; path = "Pick Up: Basketball.app"; sourceTree = BUILT_PRODUCTS_DIR; };
		7DDA95821C7FF091007DD3D3 /* AppDelegate.swift */ = {isa = PBXFileReference; lastKnownFileType = sourcecode.swift; path = AppDelegate.swift; sourceTree = "<group>"; };
		7DDA95841C7FF091007DD3D3 /* LoginViewController.swift */ = {isa = PBXFileReference; lastKnownFileType = sourcecode.swift; path = LoginViewController.swift; sourceTree = "<group>"; };
		7DDA95871C7FF091007DD3D3 /* Base */ = {isa = PBXFileReference; lastKnownFileType = file.storyboard; name = Base; path = Base.lproj/Main.storyboard; sourceTree = "<group>"; };
		7DDA95891C7FF091007DD3D3 /* Assets.xcassets */ = {isa = PBXFileReference; lastKnownFileType = folder.assetcatalog; path = Assets.xcassets; sourceTree = "<group>"; };
		7DDA958C1C7FF091007DD3D3 /* Base */ = {isa = PBXFileReference; lastKnownFileType = file.storyboard; name = Base; path = Base.lproj/LaunchScreen.storyboard; sourceTree = "<group>"; };
		7DDA958E1C7FF091007DD3D3 /* Info.plist */ = {isa = PBXFileReference; lastKnownFileType = text.plist.xml; path = Info.plist; sourceTree = "<group>"; };
		7DDA95961C7FFD62007DD3D3 /* MapViewController.swift */ = {isa = PBXFileReference; fileEncoding = 4; lastKnownFileType = sourcecode.swift; path = MapViewController.swift; sourceTree = "<group>"; };
		7DE11FC71CDEBC8E0090FCB1 /* RecentViewController.swift */ = {isa = PBXFileReference; fileEncoding = 4; lastKnownFileType = sourcecode.swift; path = RecentViewController.swift; sourceTree = "<group>"; };
		7DE11FC91CDEC6510090FCB1 /* ProfileViewController.swift */ = {isa = PBXFileReference; fileEncoding = 4; lastKnownFileType = sourcecode.swift; path = ProfileViewController.swift; sourceTree = "<group>"; };
		7DE11FCB1CDEC84C0090FCB1 /* FriendsViewController.swift */ = {isa = PBXFileReference; fileEncoding = 4; lastKnownFileType = sourcecode.swift; path = FriendsViewController.swift; sourceTree = "<group>"; };
		7DE11FCD1CDEC8D80090FCB1 /* HotspotsViewController.swift */ = {isa = PBXFileReference; fileEncoding = 4; lastKnownFileType = sourcecode.swift; path = HotspotsViewController.swift; sourceTree = "<group>"; };
		7DE11FCF1CDECE4E0090FCB1 /* MenuViewController.swift */ = {isa = PBXFileReference; fileEncoding = 4; lastKnownFileType = sourcecode.swift; path = MenuViewController.swift; sourceTree = "<group>"; };
		7DE11FD11CDECFA80090FCB1 /* MainViewController.swift */ = {isa = PBXFileReference; fileEncoding = 4; lastKnownFileType = sourcecode.swift; path = MainViewController.swift; sourceTree = "<group>"; };
		7DE891071CF59691000F80F8 /* FriendActivityInfoHolder.swift */ = {isa = PBXFileReference; fileEncoding = 4; lastKnownFileType = sourcecode.swift; path = FriendActivityInfoHolder.swift; sourceTree = "<group>"; };
		7DE891091CF59852000F80F8 /* FriendActivityCell.swift */ = {isa = PBXFileReference; fileEncoding = 4; lastKnownFileType = sourcecode.swift; path = FriendActivityCell.swift; sourceTree = "<group>"; };
		7DE8910B1CF5B206000F80F8 /* HotspotsActivityCell.swift */ = {isa = PBXFileReference; fileEncoding = 4; lastKnownFileType = sourcecode.swift; path = HotspotsActivityCell.swift; sourceTree = "<group>"; };
		7DE8910D1CF5B228000F80F8 /* HotspotsActivityInfoHolder.swift */ = {isa = PBXFileReference; fileEncoding = 4; lastKnownFileType = sourcecode.swift; path = HotspotsActivityInfoHolder.swift; sourceTree = "<group>"; };
		7DE8910F1CF5BE78000F80F8 /* RecentActivityCell.swift */ = {isa = PBXFileReference; fileEncoding = 4; lastKnownFileType = sourcecode.swift; path = RecentActivityCell.swift; sourceTree = "<group>"; };
		7DE891111CF5BE92000F80F8 /* RecentActivityInfoHolder.swift */ = {isa = PBXFileReference; fileEncoding = 4; lastKnownFileType = sourcecode.swift; path = RecentActivityInfoHolder.swift; sourceTree = "<group>"; };
/* End PBXFileReference section */

/* Begin PBXFrameworksBuildPhase section */
		7DDA957C1C7FF091007DD3D3 /* Frameworks */ = {
			isa = PBXFrameworksBuildPhase;
			buildActionMask = 2147483647;
			files = (
				7D48DF601D012CFD000B41AF /* Bolts.framework in Frameworks */,
				7D2E34881CFDD978003A542E /* FBSDKCoreKit.framework in Frameworks */,
				7D2E34891CFDD978003A542E /* FBSDKLoginKit.framework in Frameworks */,
			);
			runOnlyForDeploymentPostprocessing = 0;
		};
/* End PBXFrameworksBuildPhase section */

/* Begin PBXGroup section */
		7DDA95761C7FF091007DD3D3 = {
			isa = PBXGroup;
			children = (
				7D2633571CFDD9E900AA8344 /* Bridging-Header.h */,
				7D48DF5F1D012CFD000B41AF /* Bolts.framework */,
				7D2E34861CFDD978003A542E /* FBSDKCoreKit.framework */,
				7D2E34871CFDD978003A542E /* FBSDKLoginKit.framework */,
				7DDA95811C7FF091007DD3D3 /* Pick Up: Basketball */,
				7DDA95801C7FF091007DD3D3 /* Products */,
			);
			sourceTree = "<group>";
		};
		7DDA95801C7FF091007DD3D3 /* Products */ = {
			isa = PBXGroup;
			children = (
				7DDA957F1C7FF091007DD3D3 /* Pick Up: Basketball.app */,
			);
			name = Products;
			sourceTree = "<group>";
		};
		7DDA95811C7FF091007DD3D3 /* Pick Up: Basketball */ = {
			isa = PBXGroup;
			children = (
				7D71948E1D3C71EB004571FF /* Location.gpx */,
				7DDA95821C7FF091007DD3D3 /* AppDelegate.swift */,
				7DDA95841C7FF091007DD3D3 /* LoginViewController.swift */,
				7DE11FCF1CDECE4E0090FCB1 /* MenuViewController.swift */,
				7DE11FD11CDECFA80090FCB1 /* MainViewController.swift */,
				7DE11FCD1CDEC8D80090FCB1 /* HotspotsViewController.swift */,
				7DE8910B1CF5B206000F80F8 /* HotspotsActivityCell.swift */,
				7DE8910D1CF5B228000F80F8 /* HotspotsActivityInfoHolder.swift */,
				7DE11FCB1CDEC84C0090FCB1 /* FriendsViewController.swift */,
				7DE891091CF59852000F80F8 /* FriendActivityCell.swift */,
				7DE891071CF59691000F80F8 /* FriendActivityInfoHolder.swift */,
				7DE11FC71CDEBC8E0090FCB1 /* RecentViewController.swift */,
				7DE8910F1CF5BE78000F80F8 /* RecentActivityCell.swift */,
				7DE891111CF5BE92000F80F8 /* RecentActivityInfoHolder.swift */,
				7D59F37C1CFF5467008A7C89 /* FriendsListViewController.swift */,
				7D59F3801CFF54BB008A7C89 /* FriendCell.swift */,
				7D59F37E1CFF54A5008A7C89 /* FriendHolder.swift */,
				7DE11FC91CDEC6510090FCB1 /* ProfileViewController.swift */,
				7DDA95961C7FFD62007DD3D3 /* MapViewController.swift */,
				7DDA95861C7FF091007DD3D3 /* Main.storyboard */,
				7DDA958B1C7FF091007DD3D3 /* LaunchScreen.storyboard */,
				7DDA95891C7FF091007DD3D3 /* Assets.xcassets */,
				7DDA958E1C7FF091007DD3D3 /* Info.plist */,
			);
			name = "Pick Up: Basketball";
			path = "Pick Up Basketball";
			sourceTree = "<group>";
		};
/* End PBXGroup section */

/* Begin PBXNativeTarget section */
		7DDA957E1C7FF091007DD3D3 /* Pick Up: Basketball */ = {
			isa = PBXNativeTarget;
			buildConfigurationList = 7DDA95911C7FF091007DD3D3 /* Build configuration list for PBXNativeTarget "Pick Up: Basketball" */;
			buildPhases = (
				7DDA957B1C7FF091007DD3D3 /* Sources */,
				7DDA957C1C7FF091007DD3D3 /* Frameworks */,
				7DDA957D1C7FF091007DD3D3 /* Resources */,
			);
			buildRules = (
			);
			dependencies = (
			);
			name = "Pick Up: Basketball";
			productName = "Pick Up: Basketball";
			productReference = 7DDA957F1C7FF091007DD3D3 /* Pick Up: Basketball.app */;
			productType = "com.apple.product-type.application";
		};
/* End PBXNativeTarget section */

/* Begin PBXProject section */
		7DDA95771C7FF091007DD3D3 /* Project object */ = {
			isa = PBXProject;
			attributes = {
				LastSwiftUpdateCheck = 0730;
				LastUpgradeCheck = 0800;
				ORGANIZATIONNAME = "Pedro Alarcon";
				TargetAttributes = {
					7DDA957E1C7FF091007DD3D3 = {
						CreatedOnToolsVersion = 7.3;
						DevelopmentTeam = N4MWNVQDSJ;
						LastSwiftMigration = 0800;
					};
				};
			};
			buildConfigurationList = 7DDA957A1C7FF091007DD3D3 /* Build configuration list for PBXProject "Pick Up: Basketball" */;
			compatibilityVersion = "Xcode 3.2";
			developmentRegion = English;
			hasScannedForEncodings = 0;
			knownRegions = (
				en,
				Base,
			);
			mainGroup = 7DDA95761C7FF091007DD3D3;
			productRefGroup = 7DDA95801C7FF091007DD3D3 /* Products */;
			projectDirPath = "";
			projectRoot = "";
			targets = (
				7DDA957E1C7FF091007DD3D3 /* Pick Up: Basketball */,
			);
		};
/* End PBXProject section */

/* Begin PBXResourcesBuildPhase section */
		7DDA957D1C7FF091007DD3D3 /* Resources */ = {
			isa = PBXResourcesBuildPhase;
			buildActionMask = 2147483647;
			files = (
				7DDA958D1C7FF091007DD3D3 /* LaunchScreen.storyboard in Resources */,
				7DDA958A1C7FF091007DD3D3 /* Assets.xcassets in Resources */,
				7DDA95881C7FF091007DD3D3 /* Main.storyboard in Resources */,
			);
			runOnlyForDeploymentPostprocessing = 0;
		};
/* End PBXResourcesBuildPhase section */

/* Begin PBXSourcesBuildPhase section */
		7DDA957B1C7FF091007DD3D3 /* Sources */ = {
			isa = PBXSourcesBuildPhase;
			buildActionMask = 2147483647;
			files = (
				7D59F37D1CFF5467008A7C89 /* FriendsListViewController.swift in Sources */,
				7DE891121CF5BE92000F80F8 /* RecentActivityInfoHolder.swift in Sources */,
				7DE891081CF59691000F80F8 /* FriendActivityInfoHolder.swift in Sources */,
				7DE11FCA1CDEC6510090FCB1 /* ProfileViewController.swift in Sources */,
				7DE11FCC1CDEC84C0090FCB1 /* FriendsViewController.swift in Sources */,
				7DE11FCE1CDEC8D80090FCB1 /* HotspotsViewController.swift in Sources */,
				7DE11FD01CDECE4E0090FCB1 /* MenuViewController.swift in Sources */,
				7DDA95851C7FF091007DD3D3 /* LoginViewController.swift in Sources */,
				7DE8910E1CF5B228000F80F8 /* HotspotsActivityInfoHolder.swift in Sources */,
				7DE8910C1CF5B206000F80F8 /* HotspotsActivityCell.swift in Sources */,
				7DDA95831C7FF091007DD3D3 /* AppDelegate.swift in Sources */,
				7DE11FC81CDEBC8E0090FCB1 /* RecentViewController.swift in Sources */,
				7DDA95971C7FFD62007DD3D3 /* MapViewController.swift in Sources */,
				7D59F3811CFF54BB008A7C89 /* FriendCell.swift in Sources */,
				7DE891101CF5BE78000F80F8 /* RecentActivityCell.swift in Sources */,
				7DE8910A1CF59852000F80F8 /* FriendActivityCell.swift in Sources */,
				7DE11FD21CDECFA80090FCB1 /* MainViewController.swift in Sources */,
				7D59F37F1CFF54A5008A7C89 /* FriendHolder.swift in Sources */,
			);
			runOnlyForDeploymentPostprocessing = 0;
		};
/* End PBXSourcesBuildPhase section */

/* Begin PBXVariantGroup section */
		7DDA95861C7FF091007DD3D3 /* Main.storyboard */ = {
			isa = PBXVariantGroup;
			children = (
				7DDA95871C7FF091007DD3D3 /* Base */,
			);
			name = Main.storyboard;
			sourceTree = "<group>";
		};
		7DDA958B1C7FF091007DD3D3 /* LaunchScreen.storyboard */ = {
			isa = PBXVariantGroup;
			children = (
				7DDA958C1C7FF091007DD3D3 /* Base */,
			);
			name = LaunchScreen.storyboard;
			sourceTree = "<group>";
		};
/* End PBXVariantGroup section */

/* Begin XCBuildConfiguration section */
		7DDA958F1C7FF091007DD3D3 /* Debug */ = {
			isa = XCBuildConfiguration;
			buildSettings = {
				ALWAYS_SEARCH_USER_PATHS = NO;
				CLANG_CXX_LANGUAGE_STANDARD = "gnu++0x";
				CLANG_CXX_LIBRARY = "libc++";
				CLANG_ENABLE_MODULES = YES;
				CLANG_ENABLE_OBJC_ARC = YES;
				CLANG_WARN_BOOL_CONVERSION = YES;
				CLANG_WARN_CONSTANT_CONVERSION = YES;
				CLANG_WARN_DIRECT_OBJC_ISA_USAGE = YES_ERROR;
				CLANG_WARN_EMPTY_BODY = YES;
				CLANG_WARN_ENUM_CONVERSION = YES;
				CLANG_WARN_INT_CONVERSION = YES;
				CLANG_WARN_OBJC_ROOT_CLASS = YES_ERROR;
				CLANG_WARN_UNREACHABLE_CODE = YES;
				CLANG_WARN__DUPLICATE_METHOD_MATCH = YES;
				"CODE_SIGN_IDENTITY[sdk=iphoneos*]" = "iPhone Developer";
				COPY_PHASE_STRIP = NO;
				DEBUG_INFORMATION_FORMAT = dwarf;
				ENABLE_STRICT_OBJC_MSGSEND = YES;
				ENABLE_TESTABILITY = YES;
				GCC_C_LANGUAGE_STANDARD = gnu99;
				GCC_DYNAMIC_NO_PIC = NO;
				GCC_NO_COMMON_BLOCKS = YES;
				GCC_OPTIMIZATION_LEVEL = 0;
				GCC_PREPROCESSOR_DEFINITIONS = (
					"DEBUG=1",
					"$(inherited)",
				);
				GCC_WARN_64_TO_32_BIT_CONVERSION = YES;
				GCC_WARN_ABOUT_RETURN_TYPE = YES_ERROR;
				GCC_WARN_UNDECLARED_SELECTOR = YES;
				GCC_WARN_UNINITIALIZED_AUTOS = YES_AGGRESSIVE;
				GCC_WARN_UNUSED_FUNCTION = YES;
				GCC_WARN_UNUSED_VARIABLE = YES;
				IPHONEOS_DEPLOYMENT_TARGET = 9.3;
				MTL_ENABLE_DEBUG_INFO = YES;
				ONLY_ACTIVE_ARCH = YES;
				SDKROOT = iphoneos;
				SWIFT_OPTIMIZATION_LEVEL = "-Onone";
				TARGETED_DEVICE_FAMILY = "1,2";
			};
			name = Debug;
		};
		7DDA95901C7FF091007DD3D3 /* Release */ = {
			isa = XCBuildConfiguration;
			buildSettings = {
				ALWAYS_SEARCH_USER_PATHS = NO;
				CLANG_CXX_LANGUAGE_STANDARD = "gnu++0x";
				CLANG_CXX_LIBRARY = "libc++";
				CLANG_ENABLE_MODULES = YES;
				CLANG_ENABLE_OBJC_ARC = YES;
				CLANG_WARN_BOOL_CONVERSION = YES;
				CLANG_WARN_CONSTANT_CONVERSION = YES;
				CLANG_WARN_DIRECT_OBJC_ISA_USAGE = YES_ERROR;
				CLANG_WARN_EMPTY_BODY = YES;
				CLANG_WARN_ENUM_CONVERSION = YES;
				CLANG_WARN_INT_CONVERSION = YES;
				CLANG_WARN_OBJC_ROOT_CLASS = YES_ERROR;
				CLANG_WARN_UNREACHABLE_CODE = YES;
				CLANG_WARN__DUPLICATE_METHOD_MATCH = YES;
				"CODE_SIGN_IDENTITY[sdk=iphoneos*]" = "iPhone Developer";
				COPY_PHASE_STRIP = NO;
				DEBUG_INFORMATION_FORMAT = "dwarf-with-dsym";
				ENABLE_NS_ASSERTIONS = NO;
				ENABLE_STRICT_OBJC_MSGSEND = YES;
				GCC_C_LANGUAGE_STANDARD = gnu99;
				GCC_NO_COMMON_BLOCKS = YES;
				GCC_WARN_64_TO_32_BIT_CONVERSION = YES;
				GCC_WARN_ABOUT_RETURN_TYPE = YES_ERROR;
				GCC_WARN_UNDECLARED_SELECTOR = YES;
				GCC_WARN_UNINITIALIZED_AUTOS = YES_AGGRESSIVE;
				GCC_WARN_UNUSED_FUNCTION = YES;
				GCC_WARN_UNUSED_VARIABLE = YES;
				IPHONEOS_DEPLOYMENT_TARGET = 9.3;
				MTL_ENABLE_DEBUG_INFO = NO;
				SDKROOT = iphoneos;
				TARGETED_DEVICE_FAMILY = "1,2";
				VALIDATE_PRODUCT = YES;
			};
			name = Release;
		};
		7DDA95921C7FF091007DD3D3 /* Debug */ = {
			isa = XCBuildConfiguration;
			buildSettings = {
				ASSETCATALOG_COMPILER_APPICON_NAME = AppIcon;
				CODE_SIGN_IDENTITY = "iPhone Developer";
				FRAMEWORK_SEARCH_PATHS = "\"$(SRCROOT)/../../../../FacebookSDK\"";
				INFOPLIST_FILE = "$(SRCROOT)/Pick Up Basketball/Info.plist";
				IPHONEOS_DEPLOYMENT_TARGET = 8.0;
				LD_RUNPATH_SEARCH_PATHS = "$(inherited) @executable_path/Frameworks";
				PRODUCT_BUNDLE_IDENTIFIER = "com.PikUp.Pik-Up";
				PRODUCT_NAME = "$(TARGET_NAME)";
				SWIFT_OBJC_BRIDGING_HEADER = "Pick Up Basketball/Bridging-Header.h";
				SWIFT_VERSION = 3.0;
				TARGETED_DEVICE_FAMILY = 1;
			};
			name = Debug;
		};
		7DDA95931C7FF091007DD3D3 /* Release */ = {
			isa = XCBuildConfiguration;
			buildSettings = {
				ASSETCATALOG_COMPILER_APPICON_NAME = AppIcon;
				CODE_SIGN_IDENTITY = "iPhone Developer";
				FRAMEWORK_SEARCH_PATHS = "\"$(SRCROOT)/../../../../FacebookSDK\"";
				INFOPLIST_FILE = "$(SRCROOT)/Pick Up Basketball/Info.plist";
				IPHONEOS_DEPLOYMENT_TARGET = 8.0;
				LD_RUNPATH_SEARCH_PATHS = "$(inherited) @executable_path/Frameworks";
				PRODUCT_BUNDLE_IDENTIFIER = "com.PikUp.Pik-Up";
				PRODUCT_NAME = "$(TARGET_NAME)";
				SWIFT_OBJC_BRIDGING_HEADER = "Pick Up Basketball/Bridging-Header.h";
				SWIFT_OPTIMIZATION_LEVEL = "-Owholemodule";
				SWIFT_VERSION = 3.0;
				TARGETED_DEVICE_FAMILY = 1;
			};
			name = Release;
		};
/* End XCBuildConfiguration section */

/* Begin XCConfigurationList section */
		7DDA957A1C7FF091007DD3D3 /* Build configuration list for PBXProject "Pick Up: Basketball" */ = {
			isa = XCConfigurationList;
			buildConfigurations = (
				7DDA958F1C7FF091007DD3D3 /* Debug */,
				7DDA95901C7FF091007DD3D3 /* Release */,
			);
			defaultConfigurationIsVisible = 0;
			defaultConfigurationName = Release;
		};
		7DDA95911C7FF091007DD3D3 /* Build configuration list for PBXNativeTarget "Pick Up: Basketball" */ = {
			isa = XCConfigurationList;
			buildConfigurations = (
				7DDA95921C7FF091007DD3D3 /* Debug */,
				7DDA95931C7FF091007DD3D3 /* Release */,
			);
			defaultConfigurationIsVisible = 0;
			defaultConfigurationName = Release;
		};
/* End XCConfigurationList section */
	};
	rootObject = 7DDA95771C7FF091007DD3D3 /* Project object */;
}
